
Microsoft Visual Studio Solution File, Format Version 12.00
# Visual Studio Version 16
VisualStudioVersion = 16.0.28714.193
MinimumVisualStudioVersion = 10.0.40219.1
Project("{FAE04EC0-301F-11D3-BF4B-00C04F79EFBC}") = "UE4CodeManager", "UE4CodeManager\UE4CodeManager.csproj", "{E344136B-579F-48FF-B331-5D97105AB8EA}"
EndProject
Global
	GlobalSection(SolutionConfigurationPlatforms) = preSolution
		Debug|Any CPU = Debug|Any CPU
		Release|Any CPU = Release|Any CPU
	EndGlobalSection
	GlobalSection(ProjectConfigurationPlatforms) = postSolution
		{E344136B-579F-48FF-B331-5D97105AB8EA}.Debug|Any CPU.ActiveCfg = Debug|Any CPU
		{E344136B-579F-48FF-B331-5D97105AB8EA}.Debug|Any CPU.Build.0 = Debug|Any CPU
		{E344136B-579F-48FF-B331-5D97105AB8EA}.Release|Any CPU.ActiveCfg = Release|Any CPU
		{E344136B-579F-48FF-B331-5D97105AB8EA}.Release|Any CPU.Build.0 = Release|Any CPU
	EndGlobalSection
	GlobalSection(SolutionProperties) = preSolution
		HideSolutionNode = FALSE
	EndGlobalSection
	GlobalSection(ExtensibilityGlobals) = postSolution
		SolutionGuid = {B5C4794F-F772-4B55-8240-2C20B39E530D}
	EndGlobalSection
EndGlobal
